
Microsoft Visual Studio Solution File, Format Version 12.00
# Visual Studio 2013
VisualStudioVersion = 12.0.20827.3
MinimumVisualStudioVersion = 10.0.40219.1
Project("{FAE04EC0-301F-11D3-BF4B-00C04F79EFBC}") = "Puzzles", "Puzzles\Puzzles.csproj", "{C36DFDE1-3C45-4FCE-B255-66629625F17A}"
EndProject
Project("{2150E333-8FDC-42A3-9474-1A3956D46DE8}") = "Actual puzzles", "Actual puzzles", "{A9E9411C-745A-4021-8815-6813295BBF2E}"
EndProject
Project("{2150E333-8FDC-42A3-9474-1A3956D46DE8}") = "Framework", "Framework", "{1AA22F51-4CCA-4B70-9F62-143BD28D0682}"
EndProject
Project("{FAE04EC0-301F-11D3-BF4B-00C04F79EFBC}") = "TowersOfHanoi", "TowersOfHanoi\TowersOfHanoi.csproj", "{34CA4804-FE11-45E7-962E-1EB9E7F2A260}"
EndProject
Project("{FAE04EC0-301F-11D3-BF4B-00C04F79EFBC}") = "SpiralArray", "SpiralArray\SpiralArray.csproj", "{E82FBF66-4F40-44A2-812A-DAF5EAF65434}"
EndProject
Project("{FAE04EC0-301F-11D3-BF4B-00C04F79EFBC}") = "SpiralArrayTests", "SpiralArrayTests\SpiralArrayTests.csproj", "{739CB062-E5D9-492E-B75F-B6A0E561E1C3}"
EndProject
Project("{FAE04EC0-301F-11D3-BF4B-00C04F79EFBC}") = "ArrayRotation", "ArrayRotation\ArrayRotation.csproj", "{2AB3535A-38FD-4760-886D-1D39A8EACAA2}"
EndProject
Project("{2150E333-8FDC-42A3-9474-1A3956D46DE8}") = "Tests", "Tests", "{76CEB64C-FED4-48DD-9E80-7872BE202591}"
EndProject
Project("{FAE04EC0-301F-11D3-BF4B-00C04F79EFBC}") = "ArrayRotationTests", "ArrayRotationTests\ArrayRotationTests.csproj", "{F07EC68C-2964-47EA-BC23-D2DBAFDD3FA7}"
EndProject
Project("{FAE04EC0-301F-11D3-BF4B-00C04F79EFBC}") = "PuzzlesTests", "Puzzles.Tests\PuzzlesTests.csproj", "{5E76AD5A-6408-46A4-A95B-1673903360BA}"
EndProject
Project("{FAE04EC0-301F-11D3-BF4B-00C04F79EFBC}") = "Algebra", "Algebra\Algebra.csproj", "{EDCA4CD9-5F7D-450D-BC29-79ED03EA83B0}"
EndProject
Project("{FAE04EC0-301F-11D3-BF4B-00C04F79EFBC}") = "Sorting", "Sorting\Sorting.csproj", "{C7A45659-4772-4F43-8FD7-5848F96B8D59}"
EndProject
Project("{FAE04EC0-301F-11D3-BF4B-00C04F79EFBC}") = "SortingTests", "SortingTests\SortingTests.csproj", "{9DAC7F52-6212-4487-A7CE-1A92BD41BC63}"
EndProject
Project("{F2A71F9B-5D33-465A-A702-920D77279786}") = "Puzzles.DomainModel", "Puzzles.DomainModel\Puzzles.DomainModel.fsproj", "{ECEF6B86-0922-4474-BF0A-7C8DD951976C}"
EndProject
Global
	GlobalSection(SolutionConfigurationPlatforms) = preSolution
		Debug|Any CPU = Debug|Any CPU
		Release|Any CPU = Release|Any CPU
	EndGlobalSection
	GlobalSection(ProjectConfigurationPlatforms) = postSolution
		{C36DFDE1-3C45-4FCE-B255-66629625F17A}.Debug|Any CPU.ActiveCfg = Debug|Any CPU
		{C36DFDE1-3C45-4FCE-B255-66629625F17A}.Debug|Any CPU.Build.0 = Debug|Any CPU
		{C36DFDE1-3C45-4FCE-B255-66629625F17A}.Release|Any CPU.ActiveCfg = Release|Any CPU
		{C36DFDE1-3C45-4FCE-B255-66629625F17A}.Release|Any CPU.Build.0 = Release|Any CPU
		{34CA4804-FE11-45E7-962E-1EB9E7F2A260}.Debug|Any CPU.ActiveCfg = Debug|Any CPU
		{34CA4804-FE11-45E7-962E-1EB9E7F2A260}.Debug|Any CPU.Build.0 = Debug|Any CPU
		{34CA4804-FE11-45E7-962E-1EB9E7F2A260}.Release|Any CPU.ActiveCfg = Release|Any CPU
		{34CA4804-FE11-45E7-962E-1EB9E7F2A260}.Release|Any CPU.Build.0 = Release|Any CPU
		{E82FBF66-4F40-44A2-812A-DAF5EAF65434}.Debug|Any CPU.ActiveCfg = Debug|Any CPU
		{E82FBF66-4F40-44A2-812A-DAF5EAF65434}.Debug|Any CPU.Build.0 = Debug|Any CPU
		{E82FBF66-4F40-44A2-812A-DAF5EAF65434}.Release|Any CPU.ActiveCfg = Release|Any CPU
		{E82FBF66-4F40-44A2-812A-DAF5EAF65434}.Release|Any CPU.Build.0 = Release|Any CPU
		{739CB062-E5D9-492E-B75F-B6A0E561E1C3}.Debug|Any CPU.ActiveCfg = Debug|Any CPU
		{739CB062-E5D9-492E-B75F-B6A0E561E1C3}.Debug|Any CPU.Build.0 = Debug|Any CPU
		{739CB062-E5D9-492E-B75F-B6A0E561E1C3}.Release|Any CPU.ActiveCfg = Release|Any CPU
		{739CB062-E5D9-492E-B75F-B6A0E561E1C3}.Release|Any CPU.Build.0 = Release|Any CPU
		{2AB3535A-38FD-4760-886D-1D39A8EACAA2}.Debug|Any CPU.ActiveCfg = Debug|Any CPU
		{2AB3535A-38FD-4760-886D-1D39A8EACAA2}.Debug|Any CPU.Build.0 = Debug|Any CPU
		{2AB3535A-38FD-4760-886D-1D39A8EACAA2}.Release|Any CPU.ActiveCfg = Release|Any CPU
		{2AB3535A-38FD-4760-886D-1D39A8EACAA2}.Release|Any CPU.Build.0 = Release|Any CPU
		{F07EC68C-2964-47EA-BC23-D2DBAFDD3FA7}.Debug|Any CPU.ActiveCfg = Debug|Any CPU
		{F07EC68C-2964-47EA-BC23-D2DBAFDD3FA7}.Debug|Any CPU.Build.0 = Debug|Any CPU
		{F07EC68C-2964-47EA-BC23-D2DBAFDD3FA7}.Release|Any CPU.ActiveCfg = Release|Any CPU
		{F07EC68C-2964-47EA-BC23-D2DBAFDD3FA7}.Release|Any CPU.Build.0 = Release|Any CPU
		{5E76AD5A-6408-46A4-A95B-1673903360BA}.Debug|Any CPU.ActiveCfg = Debug|Any CPU
		{5E76AD5A-6408-46A4-A95B-1673903360BA}.Debug|Any CPU.Build.0 = Debug|Any CPU
		{5E76AD5A-6408-46A4-A95B-1673903360BA}.Release|Any CPU.ActiveCfg = Release|Any CPU
		{5E76AD5A-6408-46A4-A95B-1673903360BA}.Release|Any CPU.Build.0 = Release|Any CPU
		{EDCA4CD9-5F7D-450D-BC29-79ED03EA83B0}.Debug|Any CPU.ActiveCfg = Debug|Any CPU
		{EDCA4CD9-5F7D-450D-BC29-79ED03EA83B0}.Debug|Any CPU.Build.0 = Debug|Any CPU
		{EDCA4CD9-5F7D-450D-BC29-79ED03EA83B0}.Release|Any CPU.ActiveCfg = Release|Any CPU
		{EDCA4CD9-5F7D-450D-BC29-79ED03EA83B0}.Release|Any CPU.Build.0 = Release|Any CPU
		{C7A45659-4772-4F43-8FD7-5848F96B8D59}.Debug|Any CPU.ActiveCfg = Debug|Any CPU
		{C7A45659-4772-4F43-8FD7-5848F96B8D59}.Debug|Any CPU.Build.0 = Debug|Any CPU
		{C7A45659-4772-4F43-8FD7-5848F96B8D59}.Release|Any CPU.ActiveCfg = Release|Any CPU
		{C7A45659-4772-4F43-8FD7-5848F96B8D59}.Release|Any CPU.Build.0 = Release|Any CPU
		{9DAC7F52-6212-4487-A7CE-1A92BD41BC63}.Debug|Any CPU.ActiveCfg = Debug|Any CPU
		{9DAC7F52-6212-4487-A7CE-1A92BD41BC63}.Debug|Any CPU.Build.0 = Debug|Any CPU
		{9DAC7F52-6212-4487-A7CE-1A92BD41BC63}.Release|Any CPU.ActiveCfg = Release|Any CPU
		{9DAC7F52-6212-4487-A7CE-1A92BD41BC63}.Release|Any CPU.Build.0 = Release|Any CPU
		{ECEF6B86-0922-4474-BF0A-7C8DD951976C}.Debug|Any CPU.ActiveCfg = Debug|Any CPU
		{ECEF6B86-0922-4474-BF0A-7C8DD951976C}.Debug|Any CPU.Build.0 = Debug|Any CPU
		{ECEF6B86-0922-4474-BF0A-7C8DD951976C}.Release|Any CPU.ActiveCfg = Release|Any CPU
		{ECEF6B86-0922-4474-BF0A-7C8DD951976C}.Release|Any CPU.Build.0 = Release|Any CPU
	EndGlobalSection
	GlobalSection(SolutionProperties) = preSolution
		HideSolutionNode = FALSE
	EndGlobalSection
	GlobalSection(NestedProjects) = preSolution
		{C36DFDE1-3C45-4FCE-B255-66629625F17A} = {1AA22F51-4CCA-4B70-9F62-143BD28D0682}
		{5E76AD5A-6408-46A4-A95B-1673903360BA} = {1AA22F51-4CCA-4B70-9F62-143BD28D0682}
		{EDCA4CD9-5F7D-450D-BC29-79ED03EA83B0} = {1AA22F51-4CCA-4B70-9F62-143BD28D0682}
		{ECEF6B86-0922-4474-BF0A-7C8DD951976C} = {1AA22F51-4CCA-4B70-9F62-143BD28D0682}
		{34CA4804-FE11-45E7-962E-1EB9E7F2A260} = {A9E9411C-745A-4021-8815-6813295BBF2E}
		{E82FBF66-4F40-44A2-812A-DAF5EAF65434} = {A9E9411C-745A-4021-8815-6813295BBF2E}
		{76CEB64C-FED4-48DD-9E80-7872BE202591} = {A9E9411C-745A-4021-8815-6813295BBF2E}
		{2AB3535A-38FD-4760-886D-1D39A8EACAA2} = {A9E9411C-745A-4021-8815-6813295BBF2E}
		{C7A45659-4772-4F43-8FD7-5848F96B8D59} = {A9E9411C-745A-4021-8815-6813295BBF2E}
		{739CB062-E5D9-492E-B75F-B6A0E561E1C3} = {76CEB64C-FED4-48DD-9E80-7872BE202591}
		{F07EC68C-2964-47EA-BC23-D2DBAFDD3FA7} = {76CEB64C-FED4-48DD-9E80-7872BE202591}
		{9DAC7F52-6212-4487-A7CE-1A92BD41BC63} = {76CEB64C-FED4-48DD-9E80-7872BE202591}
	EndGlobalSection
EndGlobal
