
Microsoft Visual Studio Solution File, Format Version 12.00
# Visual Studio 2013
VisualStudioVersion = 12.0.20827.3
MinimumVisualStudioVersion = 10.0.40219.1
Project("{FAE04EC0-301F-11D3-BF4B-00C04F79EFBC}") = "Puzzles", "Puzzles\Puzzles.csproj", "{C36DFDE1-3C45-4FCE-B255-66629625F17A}"
EndProject
Project("{2150E333-8FDC-42A3-9474-1A3956D46DE8}") = "Actual puzzles", "Actual puzzles", "{A9E9411C-745A-4021-8815-6813295BBF2E}"
EndProject
Project("{2150E333-8FDC-42A3-9474-1A3956D46DE8}") = "Framework", "Framework", "{1AA22F51-4CCA-4B70-9F62-143BD28D0682}"
EndProject
Project("{FAE04EC0-301F-11D3-BF4B-00C04F79EFBC}") = "TowersOfHanoi", "TowersOfHanoi\TowersOfHanoi.csproj", "{34CA4804-FE11-45E7-962E-1EB9E7F2A260}"
EndProject
Project("{FAE04EC0-301F-11D3-BF4B-00C04F79EFBC}") = "SpiralArray", "SpiralArray\SpiralArray.csproj", "{E82FBF66-4F40-44A2-812A-DAF5EAF65434}"
EndProject
Project("{FAE04EC0-301F-11D3-BF4B-00C04F79EFBC}") = "SpiralArrayTests", "SpiralArrayTests\SpiralArrayTests.csproj", "{739CB062-E5D9-492E-B75F-B6A0E561E1C3}"
EndProject
Global
	GlobalSection(SolutionConfigurationPlatforms) = preSolution
		Debug|Any CPU = Debug|Any CPU
		Release|Any CPU = Release|Any CPU
	EndGlobalSection
	GlobalSection(ProjectConfigurationPlatforms) = postSolution
		{C36DFDE1-3C45-4FCE-B255-66629625F17A}.Debug|Any CPU.ActiveCfg = Debug|Any CPU
		{C36DFDE1-3C45-4FCE-B255-66629625F17A}.Debug|Any CPU.Build.0 = Debug|Any CPU
		{C36DFDE1-3C45-4FCE-B255-66629625F17A}.Release|Any CPU.ActiveCfg = Release|Any CPU
		{C36DFDE1-3C45-4FCE-B255-66629625F17A}.Release|Any CPU.Build.0 = Release|Any CPU
		{34CA4804-FE11-45E7-962E-1EB9E7F2A260}.Debug|Any CPU.ActiveCfg = Debug|Any CPU
		{34CA4804-FE11-45E7-962E-1EB9E7F2A260}.Debug|Any CPU.Build.0 = Debug|Any CPU
		{34CA4804-FE11-45E7-962E-1EB9E7F2A260}.Release|Any CPU.ActiveCfg = Release|Any CPU
		{34CA4804-FE11-45E7-962E-1EB9E7F2A260}.Release|Any CPU.Build.0 = Release|Any CPU
		{E82FBF66-4F40-44A2-812A-DAF5EAF65434}.Debug|Any CPU.ActiveCfg = Debug|Any CPU
		{E82FBF66-4F40-44A2-812A-DAF5EAF65434}.Debug|Any CPU.Build.0 = Debug|Any CPU
		{E82FBF66-4F40-44A2-812A-DAF5EAF65434}.Release|Any CPU.ActiveCfg = Release|Any CPU
		{E82FBF66-4F40-44A2-812A-DAF5EAF65434}.Release|Any CPU.Build.0 = Release|Any CPU
		{739CB062-E5D9-492E-B75F-B6A0E561E1C3}.Debug|Any CPU.ActiveCfg = Debug|Any CPU
		{739CB062-E5D9-492E-B75F-B6A0E561E1C3}.Debug|Any CPU.Build.0 = Debug|Any CPU
		{739CB062-E5D9-492E-B75F-B6A0E561E1C3}.Release|Any CPU.ActiveCfg = Release|Any CPU
		{739CB062-E5D9-492E-B75F-B6A0E561E1C3}.Release|Any CPU.Build.0 = Release|Any CPU
	EndGlobalSection
	GlobalSection(SolutionProperties) = preSolution
		HideSolutionNode = FALSE
	EndGlobalSection
	GlobalSection(NestedProjects) = preSolution
		{C36DFDE1-3C45-4FCE-B255-66629625F17A} = {1AA22F51-4CCA-4B70-9F62-143BD28D0682}
		{34CA4804-FE11-45E7-962E-1EB9E7F2A260} = {A9E9411C-745A-4021-8815-6813295BBF2E}
		{E82FBF66-4F40-44A2-812A-DAF5EAF65434} = {A9E9411C-745A-4021-8815-6813295BBF2E}
		{739CB062-E5D9-492E-B75F-B6A0E561E1C3} = {A9E9411C-745A-4021-8815-6813295BBF2E}
	EndGlobalSection
EndGlobal
